
Microsoft Visual Studio Solution File, Format Version 12.00
# Visual Studio 15
VisualStudioVersion = 15.0.27004.2005
MinimumVisualStudioVersion = 10.0.40219.1
Project("{FAE04EC0-301F-11D3-BF4B-00C04F79EFBC}") = "VideoStore", "VideoStore\VideoStore.csproj", "{A255EFB4-7AE3-41B1-BBC8-DF1F246DB1C1}"
EndProject
Global
	GlobalSection(SolutionConfigurationPlatforms) = preSolution
		Debug|Any CPU = Debug|Any CPU
		Release|Any CPU = Release|Any CPU
	EndGlobalSection
	GlobalSection(ProjectConfigurationPlatforms) = postSolution
		{A255EFB4-7AE3-41B1-BBC8-DF1F246DB1C1}.Debug|Any CPU.ActiveCfg = Debug|Any CPU
		{A255EFB4-7AE3-41B1-BBC8-DF1F246DB1C1}.Debug|Any CPU.Build.0 = Debug|Any CPU
		{A255EFB4-7AE3-41B1-BBC8-DF1F246DB1C1}.Release|Any CPU.ActiveCfg = Release|Any CPU
		{A255EFB4-7AE3-41B1-BBC8-DF1F246DB1C1}.Release|Any CPU.Build.0 = Release|Any CPU
	EndGlobalSection
	GlobalSection(SolutionProperties) = preSolution
		HideSolutionNode = FALSE
	EndGlobalSection
	GlobalSection(ExtensibilityGlobals) = postSolution
		SolutionGuid = {FCEC9ADC-97E7-49D8-B52E-7796E57641D1}
	EndGlobalSection
EndGlobal
